{
  "requires": true,
  "lockfileVersion": 1,
  "dependencies": {
    "bcp-47-match": {
      "version": "1.0.0",
      "resolved": "https://registry.npmjs.org/bcp-47-match/-/bcp-47-match-1.0.0.tgz",
      "integrity": "sha512-6rzWe2U70JHrYfBqBnhoeV7HykhmCQ6X2RrBcbpkyCwtNpkGadr3m3LF8ZLXpQ7qrsLCOm3eis2lsVemkLsvHg=="
    },
    "boolbase": {
      "version": "1.0.0",
      "resolved": "https://registry.npmjs.org/boolbase/-/boolbase-1.0.0.tgz",
      "integrity": "sha1-aN/1++YMUes3cl6p4+0xDcwed24="
    },
    "comma-separated-tokens": {
      "version": "1.0.5",
      "resolved": "https://registry.npmjs.org/comma-separated-tokens/-/comma-separated-tokens-1.0.5.tgz",
      "integrity": "sha512-Cg90/fcK93n0ecgYTAz1jaA3zvnQ0ExlmKY1rdbyHqAx6BHxwoJc+J7HDu0iuQ7ixEs1qaa+WyQ6oeuBpYP1iA==",
      "requires": {
        "trim": "0.0.1"
      }
    },
    "css-selector-parser": {
      "version": "1.3.0",
      "resolved": "https://registry.npmjs.org/css-selector-parser/-/css-selector-parser-1.3.0.tgz",
      "integrity": "sha1-XxrUPi2O77/cME/NOaUhZklD4+s="
    },
    "direction": {
      "version": "1.0.2",
      "resolved": "https://registry.npmjs.org/direction/-/direction-1.0.2.tgz",
      "integrity": "sha512-hSKoz5FBn+zhP9vWKkVQaaxnRDg3/MoPdcg2au54HIUDR8MrP8Ah1jXSJwCXel6SV3Afh5DSzc8Uqv2r1UoQwQ=="
    },
    "hast-util-has-property": {
      "version": "1.0.1",
      "resolved": "https://registry.npmjs.org/hast-util-has-property/-/hast-util-has-property-1.0.1.tgz",
      "integrity": "sha512-DUck5lp8ku3o8n9GIA1Nghdz8UQyis2/b/ro0O4z5HP/y82uzZL6CXehuQmY5re+rLgTP4MVF/YpYDj9YqD0wA=="
    },
    "hast-util-is-element": {
      "version": "1.0.1",
      "resolved": "https://registry.npmjs.org/hast-util-is-element/-/hast-util-is-element-1.0.1.tgz",
      "integrity": "sha512-s/ggaNehYVqmLgTXEv12Lbb72bsOD2r5DhAqPgtDdaI/YFNXVzz0zHFVJnhjIjn7Nak8GbL4nzT2q0RA5div+A=="
    },
    "hast-util-select": {
      "version": "2.1.0",
      "resolved": "https://registry.npmjs.org/hast-util-select/-/hast-util-select-2.1.0.tgz",
      "integrity": "sha512-wPnaITEMGvTvzA9GUQhj7qyOVLceQfxol3Zj+2BrhuMQNt7/W1Za76ZDspNeRKAZmT4aFikNa2SwuJ7MaQC6LQ==",
      "requires": {
        "bcp-47-match": "^1.0.0",
        "comma-separated-tokens": "^1.0.2",
        "css-selector-parser": "^1.3.0",
        "direction": "^1.0.2",
        "hast-util-has-property": "^1.0.0",
        "hast-util-is-element": "^1.0.0",
        "hast-util-to-string": "^1.0.1",
        "hast-util-whitespace": "^1.0.0",
        "not": "^0.1.0",
        "nth-check": "^1.0.1",
        "property-information": "^4.0.0",
        "space-separated-tokens": "^1.1.0",
        "unist-util-visit": "^1.3.1",
        "zwitch": "^1.0.0"
      }
    },
    "hast-util-to-string": {
      "version": "1.0.1",
      "resolved": "https://registry.npmjs.org/hast-util-to-string/-/hast-util-to-string-1.0.1.tgz",
      "integrity": "sha512-EC6awGe0ZMUNYmS2hMVaKZxvjVtQA4RhXjtgE20AxGG49MM7OUUfaHc6VcVYv2YwzNlrZQGe5teimCxW1Rk+fA=="
    },
    "hast-util-whitespace": {
      "version": "1.0.1",
      "resolved": "https://registry.npmjs.org/hast-util-whitespace/-/hast-util-whitespace-1.0.1.tgz",
      "integrity": "sha512-Mfx2ZnmVMTAopZ8as42nKrNt650tCZYhy/MPeO1Imdg/cmCWK6GUSnFrrE3ezGjVifn7x5zMfu8jrjwIGyImSw=="
    },
    "mdast-flatten-image-paragraphs": {
      "version": "1.0.0",
      "resolved": "https://registry.npmjs.org/mdast-flatten-image-paragraphs/-/mdast-flatten-image-paragraphs-1.0.0.tgz",
      "integrity": "sha512-xalAJqig/e8ODwgdQUpunHGL9KnHz3DVNtmQQL5m1VFKHMAQg7DSShNMkv7qT2Bn3iGoGoBj6ySjlyjceMu6FA==",
      "requires": {
        "unist-util-flatmap": "1.0.x"
      }
    },
    "mdast-flatten-listitem-paragraphs": {
      "version": "1.0.0",
      "resolved": "https://registry.npmjs.org/mdast-flatten-listitem-paragraphs/-/mdast-flatten-listitem-paragraphs-1.0.0.tgz",
      "integrity": "sha512-F4/nTdHHi3n+ayQ8EDgALsBXctfkgjg3x5ssCC0Kr+4vYWkh+L7wq53QItzkZ51cTTM2VOa0sJHb9OIGZU0/7A==",
      "requires": {
        "unist-util-visit": "1.3.x"
      }
    },
    "mdast-squeeze-paragraphs": {
      "version": "3.0.3",
      "resolved": "https://registry.npmjs.org/mdast-squeeze-paragraphs/-/mdast-squeeze-paragraphs-3.0.3.tgz",
      "integrity": "sha512-NtUkasADphYiAT2eVmpf8lrvZlU3hbluZZhVrXMqvJqNZNZnJGlOG39JnlyBngo2dlJqNUBZa75gRT90+EY0kQ==",
      "requires": {
        "unist-util-remove": "^1.0.0"
      }
    },
    "not": {
      "version": "0.1.0",
      "resolved": "https://registry.npmjs.org/not/-/not-0.1.0.tgz",
      "integrity": "sha1-yWkcF0bFXc++VMvYvU/wQbwrUZ0="
    },
    "nth-check": {
      "version": "1.0.1",
      "resolved": "https://registry.npmjs.org/nth-check/-/nth-check-1.0.1.tgz",
      "integrity": "sha1-mSms32KPwsQQmN6rgqxYDPFJquQ=",
      "requires": {
        "boolbase": "~1.0.0"
      }
    },
    "property-information": {
      "version": "4.2.0",
      "resolved": "https://registry.npmjs.org/property-information/-/property-information-4.2.0.tgz",
      "integrity": "sha512-TlgDPagHh+eBKOnH2VYvk8qbwsCG/TAJdmTL7f1PROUcSO8qt/KSmShEQ/OKvock8X9tFjtqjCScyOkkkvIKVQ==",
      "requires": {
        "xtend": "^4.0.1"
      }
    },
    "space-separated-tokens": {
      "version": "1.1.2",
      "resolved": "https://registry.npmjs.org/space-separated-tokens/-/space-separated-tokens-1.1.2.tgz",
      "integrity": "sha512-G3jprCEw+xFEs0ORweLmblJ3XLymGGr6hxZYTYZjIlvDti9vOBUjRQa1Rzjt012aRrocKstHwdNi+F7HguPsEA==",
      "requires": {
        "trim": "0.0.1"
      }
    },
    "trim": {
      "version": "0.0.1",
      "resolved": "https://registry.npmjs.org/trim/-/trim-0.0.1.tgz",
      "integrity": "sha1-WFhUf2spB1fulczMZm+1AITEYN0="
    },
    "unist-util-flatmap": {
      "version": "1.0.0",
      "resolved": "https://registry.npmjs.org/unist-util-flatmap/-/unist-util-flatmap-1.0.0.tgz",
      "integrity": "sha512-IG32jcKJlhARCYT2LsYPJWdoXYkzz3ESAdl1aa2hn9Auh+cgUmU6wgkII4yCc/1GgeWibRdELdCZh/p3QKQ1dQ=="
    },
    "unist-util-is": {
      "version": "2.1.2",
      "resolved": "https://registry.npmjs.org/unist-util-is/-/unist-util-is-2.1.2.tgz",
      "integrity": "sha512-YkXBK/H9raAmG7KXck+UUpnKiNmUdB+aBGrknfQ4EreE1banuzrKABx3jP6Z5Z3fMSPMQQmeXBlKpCbMwBkxVw=="
    },
    "unist-util-remove": {
      "version": "1.0.1",
      "resolved": "https://registry.npmjs.org/unist-util-remove/-/unist-util-remove-1.0.1.tgz",
      "integrity": "sha512-nL+3O0nBB2Oi8ixVzIfJQLtNOMPIFzwoAIKvhDzEL8B15Nq7EY0KBQPYULjNrEmrwYMCkWp5XGTQiAlYZAL/rw==",
      "requires": {
        "unist-util-is": "^2.0.0"
      }
    },
    "unist-util-visit": {
      "version": "1.3.1",
      "resolved": "https://registry.npmjs.org/unist-util-visit/-/unist-util-visit-1.3.1.tgz",
      "integrity": "sha512-0fdB9EQJU0tho5tK0VzOJzAQpPv2LyLZ030b10GxuzAWEfvd54mpY7BMjQ1L69k2YNvL+SvxRzH0yUIehOO8aA==",
      "requires": {
        "unist-util-is": "^2.1.1"
      }
    },
    "xtend": {
      "version": "4.0.1",
      "resolved": "https://registry.npmjs.org/xtend/-/xtend-4.0.1.tgz",
      "integrity": "sha1-pcbVMr5lbiPbgg77lDofBJmNY68="
    },
    "zwitch": {
      "version": "1.0.3",
      "resolved": "https://registry.npmjs.org/zwitch/-/zwitch-1.0.3.tgz",
      "integrity": "sha512-aynRpmJDw7JIq6X4NDWJoiK1yVSiG57ArWSg4HLC1SFupX5/bo0Cf4jpX0ifwuzBfxpYBuNSyvMlWNNRuy3cVA=="
    }
  }
}
